
Microsoft Visual Studio Solution File, Format Version 12.00
# Visual Studio 14
VisualStudioVersion = 14.0.24720.0
MinimumVisualStudioVersion = 10.0.40219.1
Project("{FAE04EC0-301F-11D3-BF4B-00C04F79EFBC}") = "Week10_PolymorphismPractice_03072016", "Week10_PolymorphismPractice_03072016\Week10_PolymorphismPractice_03072016.csproj", "{D8CA9918-D63E-4537-AB29-6288BA348882}"
EndProject
Global
	GlobalSection(SolutionConfigurationPlatforms) = preSolution
		Debug|Any CPU = Debug|Any CPU
		Release|Any CPU = Release|Any CPU
	EndGlobalSection
	GlobalSection(ProjectConfigurationPlatforms) = postSolution
		{D8CA9918-D63E-4537-AB29-6288BA348882}.Debug|Any CPU.ActiveCfg = Debug|Any CPU
		{D8CA9918-D63E-4537-AB29-6288BA348882}.Debug|Any CPU.Build.0 = Debug|Any CPU
		{D8CA9918-D63E-4537-AB29-6288BA348882}.Release|Any CPU.ActiveCfg = Release|Any CPU
		{D8CA9918-D63E-4537-AB29-6288BA348882}.Release|Any CPU.Build.0 = Release|Any CPU
	EndGlobalSection
	GlobalSection(SolutionProperties) = preSolution
		HideSolutionNode = FALSE
	EndGlobalSection
EndGlobal
